
Microsoft Visual Studio Solution File, Format Version 12.00
# Visual Studio Version 17
VisualStudioVersion = 17.10.35004.147
MinimumVisualStudioVersion = 10.0.40219.1
Project("{FAE04EC0-301F-11D3-BF4B-00C04F79EFBC}") = "SWD.SAPelearning.API", "SWD.SAPelearning.API\SWD.SAPelearning.API.csproj", "{4A6C01F7-B587-4727-B05D-DA2EB8F970F2}"
EndProject
Project("{FAE04EC0-301F-11D3-BF4B-00C04F79EFBC}") = "SWD.SAPelearning.Repository", "SWD.SAPelearning.Repository\SWD.SAPelearning.Repository.csproj", "{93479877-AAAA-4F63-8A8B-C67388CBE5FB}"
EndProject
Project("{FAE04EC0-301F-11D3-BF4B-00C04F79EFBC}") = "SWD.SAPelearning.Service", "SWD.SAPelearning.Service\SWD.SAPelearning.Service.csproj", "{644292B0-A5DF-46CA-9243-F6BDE48B0245}"
EndProject
Global
	GlobalSection(SolutionConfigurationPlatforms) = preSolution
		Debug|Any CPU = Debug|Any CPU
		Release|Any CPU = Release|Any CPU
	EndGlobalSection
	GlobalSection(ProjectConfigurationPlatforms) = postSolution
		{4A6C01F7-B587-4727-B05D-DA2EB8F970F2}.Debug|Any CPU.ActiveCfg = Debug|Any CPU
		{4A6C01F7-B587-4727-B05D-DA2EB8F970F2}.Debug|Any CPU.Build.0 = Debug|Any CPU
		{4A6C01F7-B587-4727-B05D-DA2EB8F970F2}.Release|Any CPU.ActiveCfg = Release|Any CPU
		{4A6C01F7-B587-4727-B05D-DA2EB8F970F2}.Release|Any CPU.Build.0 = Release|Any CPU
		{93479877-AAAA-4F63-8A8B-C67388CBE5FB}.Debug|Any CPU.ActiveCfg = Debug|Any CPU
		{93479877-AAAA-4F63-8A8B-C67388CBE5FB}.Debug|Any CPU.Build.0 = Debug|Any CPU
		{93479877-AAAA-4F63-8A8B-C67388CBE5FB}.Release|Any CPU.ActiveCfg = Release|Any CPU
		{93479877-AAAA-4F63-8A8B-C67388CBE5FB}.Release|Any CPU.Build.0 = Release|Any CPU
		{644292B0-A5DF-46CA-9243-F6BDE48B0245}.Debug|Any CPU.ActiveCfg = Debug|Any CPU
		{644292B0-A5DF-46CA-9243-F6BDE48B0245}.Debug|Any CPU.Build.0 = Debug|Any CPU
		{644292B0-A5DF-46CA-9243-F6BDE48B0245}.Release|Any CPU.ActiveCfg = Release|Any CPU
		{644292B0-A5DF-46CA-9243-F6BDE48B0245}.Release|Any CPU.Build.0 = Release|Any CPU
	EndGlobalSection
	GlobalSection(SolutionProperties) = preSolution
		HideSolutionNode = FALSE
	EndGlobalSection
	GlobalSection(ExtensibilityGlobals) = postSolution
		SolutionGuid = {4CFF8706-0749-4FD7-BD70-B3E04BA855EA}
	EndGlobalSection
EndGlobal
